
Microsoft Visual Studio Solution File, Format Version 12.00
# Visual Studio Version 16
VisualStudioVersion = 16.0.30320.27
MinimumVisualStudioVersion = 10.0.40219.1
Project("{FAE04EC0-301F-11D3-BF4B-00C04F79EFBC}") = "Project_Eticaret.UI", "Project_Eticaret.UI\Project_Eticaret.UI.csproj", "{3F7E3C04-C15B-4BBA-B5D8-62BFA69C6418}"
EndProject
Project("{FAE04EC0-301F-11D3-BF4B-00C04F79EFBC}") = "Project_Eticaret.AUTHSERVICE", "Project_Eticaret.AUTHSERVICE\Project_Eticaret.AUTHSERVICE.csproj", "{53857C1A-683F-4961-8DE9-6AF36BEECE58}"
EndProject
Project("{FAE04EC0-301F-11D3-BF4B-00C04F79EFBC}") = "Project_Eticaret.CORE", "Project_Eticaret.CORE\Project_Eticaret.CORE.csproj", "{8F69B486-895E-4364-AA7A-CA8B954CC665}"
EndProject
Project("{FAE04EC0-301F-11D3-BF4B-00C04F79EFBC}") = "Project_Eticaret.MODEL", "Project_Eticaret.MODEL\Project_Eticaret.MODEL.csproj", "{5C6633B0-CC3B-491D-8255-F60C65532B29}"
EndProject
Project("{FAE04EC0-301F-11D3-BF4B-00C04F79EFBC}") = "Project_Eticaret.SERVICE", "Project_Eticaret.SERVICE\Project_Eticaret.SERVICE.csproj", "{027F042F-A27D-4925-BEF9-436FA8240056}"
EndProject
Global
	GlobalSection(SolutionConfigurationPlatforms) = preSolution
		Debug|Any CPU = Debug|Any CPU
		Release|Any CPU = Release|Any CPU
	EndGlobalSection
	GlobalSection(ProjectConfigurationPlatforms) = postSolution
		{3F7E3C04-C15B-4BBA-B5D8-62BFA69C6418}.Debug|Any CPU.ActiveCfg = Debug|Any CPU
		{3F7E3C04-C15B-4BBA-B5D8-62BFA69C6418}.Debug|Any CPU.Build.0 = Debug|Any CPU
		{3F7E3C04-C15B-4BBA-B5D8-62BFA69C6418}.Release|Any CPU.ActiveCfg = Release|Any CPU
		{3F7E3C04-C15B-4BBA-B5D8-62BFA69C6418}.Release|Any CPU.Build.0 = Release|Any CPU
		{53857C1A-683F-4961-8DE9-6AF36BEECE58}.Debug|Any CPU.ActiveCfg = Debug|Any CPU
		{53857C1A-683F-4961-8DE9-6AF36BEECE58}.Debug|Any CPU.Build.0 = Debug|Any CPU
		{53857C1A-683F-4961-8DE9-6AF36BEECE58}.Release|Any CPU.ActiveCfg = Release|Any CPU
		{53857C1A-683F-4961-8DE9-6AF36BEECE58}.Release|Any CPU.Build.0 = Release|Any CPU
		{8F69B486-895E-4364-AA7A-CA8B954CC665}.Debug|Any CPU.ActiveCfg = Debug|Any CPU
		{8F69B486-895E-4364-AA7A-CA8B954CC665}.Debug|Any CPU.Build.0 = Debug|Any CPU
		{8F69B486-895E-4364-AA7A-CA8B954CC665}.Release|Any CPU.ActiveCfg = Release|Any CPU
		{8F69B486-895E-4364-AA7A-CA8B954CC665}.Release|Any CPU.Build.0 = Release|Any CPU
		{5C6633B0-CC3B-491D-8255-F60C65532B29}.Debug|Any CPU.ActiveCfg = Debug|Any CPU
		{5C6633B0-CC3B-491D-8255-F60C65532B29}.Debug|Any CPU.Build.0 = Debug|Any CPU
		{5C6633B0-CC3B-491D-8255-F60C65532B29}.Release|Any CPU.ActiveCfg = Release|Any CPU
		{5C6633B0-CC3B-491D-8255-F60C65532B29}.Release|Any CPU.Build.0 = Release|Any CPU
		{027F042F-A27D-4925-BEF9-436FA8240056}.Debug|Any CPU.ActiveCfg = Debug|Any CPU
		{027F042F-A27D-4925-BEF9-436FA8240056}.Debug|Any CPU.Build.0 = Debug|Any CPU
		{027F042F-A27D-4925-BEF9-436FA8240056}.Release|Any CPU.ActiveCfg = Release|Any CPU
		{027F042F-A27D-4925-BEF9-436FA8240056}.Release|Any CPU.Build.0 = Release|Any CPU
	EndGlobalSection
	GlobalSection(SolutionProperties) = preSolution
		HideSolutionNode = FALSE
	EndGlobalSection
	GlobalSection(ExtensibilityGlobals) = postSolution
		SolutionGuid = {1D6C20FA-98FF-4941-93A3-066377F6C048}
	EndGlobalSection
EndGlobal
